
Microsoft Visual Studio Solution File, Format Version 12.00
# Visual Studio Version 16
VisualStudioVersion = 16.0.30907.101
MinimumVisualStudioVersion = 10.0.40219.1
Project("{FAE04EC0-301F-11D3-BF4B-00C04F79EFBC}") = "ClassMetotDemo", "ClassMetotDemo\ClassMetotDemo.csproj", "{EB74DDE5-4766-4862-9541-21E3A0BE8023}"
EndProject
Global
	GlobalSection(SolutionConfigurationPlatforms) = preSolution
		Debug|Any CPU = Debug|Any CPU
		Release|Any CPU = Release|Any CPU
	EndGlobalSection
	GlobalSection(ProjectConfigurationPlatforms) = postSolution
		{EB74DDE5-4766-4862-9541-21E3A0BE8023}.Debug|Any CPU.ActiveCfg = Debug|Any CPU
		{EB74DDE5-4766-4862-9541-21E3A0BE8023}.Debug|Any CPU.Build.0 = Debug|Any CPU
		{EB74DDE5-4766-4862-9541-21E3A0BE8023}.Release|Any CPU.ActiveCfg = Release|Any CPU
		{EB74DDE5-4766-4862-9541-21E3A0BE8023}.Release|Any CPU.Build.0 = Release|Any CPU
	EndGlobalSection
	GlobalSection(SolutionProperties) = preSolution
		HideSolutionNode = FALSE
	EndGlobalSection
	GlobalSection(ExtensibilityGlobals) = postSolution
		SolutionGuid = {37917F78-39ED-4457-BBC9-758664B5C6AF}
	EndGlobalSection
EndGlobal
